
Microsoft Visual Studio Solution File, Format Version 12.00
# Visual Studio Version 16
VisualStudioVersion = 16.0.29509.3
MinimumVisualStudioVersion = 10.0.40219.1
Project("{FAE04EC0-301F-11D3-BF4B-00C04F79EFBC}") = "gpa_and_cgpa_calculator", "gpa_and_cgpa_calculator.csproj", "{DB0C6393-9ED8-4166-AA8F-1DBE5AC23B19}"
EndProject
Global
	GlobalSection(SolutionConfigurationPlatforms) = preSolution
		Debug|Any CPU = Debug|Any CPU
		Release|Any CPU = Release|Any CPU
	EndGlobalSection
	GlobalSection(ProjectConfigurationPlatforms) = postSolution
		{DB0C6393-9ED8-4166-AA8F-1DBE5AC23B19}.Debug|Any CPU.ActiveCfg = Debug|Any CPU
		{DB0C6393-9ED8-4166-AA8F-1DBE5AC23B19}.Debug|Any CPU.Build.0 = Debug|Any CPU
		{DB0C6393-9ED8-4166-AA8F-1DBE5AC23B19}.Release|Any CPU.ActiveCfg = Release|Any CPU
		{DB0C6393-9ED8-4166-AA8F-1DBE5AC23B19}.Release|Any CPU.Build.0 = Release|Any CPU
	EndGlobalSection
	GlobalSection(SolutionProperties) = preSolution
		HideSolutionNode = FALSE
	EndGlobalSection
	GlobalSection(ExtensibilityGlobals) = postSolution
		SolutionGuid = {E61E369F-5064-44FC-A375-07AB344EC723}
	EndGlobalSection
EndGlobal
